
Microsoft Visual Studio Solution File, Format Version 12.00
# Visual Studio Version 17
VisualStudioVersion = 17.8.34525.116
MinimumVisualStudioVersion = 10.0.40219.1
Project("{FAE04EC0-301F-11D3-BF4B-00C04F79EFBC}") = "lab3", "lab3\lab3.csproj", "{A7805095-249E-4D88-8C28-7CE51A436399}"
EndProject
Global
	GlobalSection(SolutionConfigurationPlatforms) = preSolution
		Debug|Any CPU = Debug|Any CPU
		Release|Any CPU = Release|Any CPU
	EndGlobalSection
	GlobalSection(ProjectConfigurationPlatforms) = postSolution
		{A7805095-249E-4D88-8C28-7CE51A436399}.Debug|Any CPU.ActiveCfg = Debug|Any CPU
		{A7805095-249E-4D88-8C28-7CE51A436399}.Debug|Any CPU.Build.0 = Debug|Any CPU
		{A7805095-249E-4D88-8C28-7CE51A436399}.Release|Any CPU.ActiveCfg = Release|Any CPU
		{A7805095-249E-4D88-8C28-7CE51A436399}.Release|Any CPU.Build.0 = Release|Any CPU
	EndGlobalSection
	GlobalSection(SolutionProperties) = preSolution
		HideSolutionNode = FALSE
	EndGlobalSection
	GlobalSection(ExtensibilityGlobals) = postSolution
		SolutionGuid = {7ED9A3AA-AA04-4E47-959B-11EF34A6199B}
	EndGlobalSection
EndGlobal
